// !$*UTF8*$!
{
	archiveVersion = 1;
	classes = {
	};
	objectVersion = 50;
	objects = {

/* Begin PBXBuildFile section */
		584EBA182233EF10004D91CB /* HotelSearchViewController.swift in Sources */ = {isa = PBXBuildFile; fileRef = 584EBA172233EF10004D91CB /* HotelSearchViewController.swift */; };
		584EBA1A2233FBF8004D91CB /* HotelSearchView.swift in Sources */ = {isa = PBXBuildFile; fileRef = 584EBA192233FBF8004D91CB /* HotelSearchView.swift */; };
		589A0C6A2234337E00563937 /* CalanderViewController.swift in Sources */ = {isa = PBXBuildFile; fileRef = 589A0C692234337E00563937 /* CalanderViewController.swift */; };
		589A0C6C2234437400563937 /* HotelSearchModel.swift in Sources */ = {isa = PBXBuildFile; fileRef = 589A0C6B2234437400563937 /* HotelSearchModel.swift */; };
		772ED93C2231764A00D0E4D4 /* AppDelegate.swift in Sources */ = {isa = PBXBuildFile; fileRef = 772ED93B2231764A00D0E4D4 /* AppDelegate.swift */; };
		772ED93E2231764A00D0E4D4 /* ViewController.swift in Sources */ = {isa = PBXBuildFile; fileRef = 772ED93D2231764A00D0E4D4 /* ViewController.swift */; };
		772ED9412231764A00D0E4D4 /* Main.storyboard in Resources */ = {isa = PBXBuildFile; fileRef = 772ED93F2231764A00D0E4D4 /* Main.storyboard */; };
		772ED9442231764A00D0E4D4 /* Demo.xcdatamodeld in Sources */ = {isa = PBXBuildFile; fileRef = 772ED9422231764A00D0E4D4 /* Demo.xcdatamodeld */; };
		772ED9462231764C00D0E4D4 /* Assets.xcassets in Resources */ = {isa = PBXBuildFile; fileRef = 772ED9452231764C00D0E4D4 /* Assets.xcassets */; };
		772ED9492231764C00D0E4D4 /* LaunchScreen.storyboard in Resources */ = {isa = PBXBuildFile; fileRef = 772ED9472231764C00D0E4D4 /* LaunchScreen.storyboard */; };
		772ED9542231764C00D0E4D4 /* DemoTests.swift in Sources */ = {isa = PBXBuildFile; fileRef = 772ED9532231764C00D0E4D4 /* DemoTests.swift */; };
		772ED95F2231764C00D0E4D4 /* DemoUITests.swift in Sources */ = {isa = PBXBuildFile; fileRef = 772ED95E2231764C00D0E4D4 /* DemoUITests.swift */; };
		772ED97322318BCA00D0E4D4 /* Home_VC.swift in Sources */ = {isa = PBXBuildFile; fileRef = 772ED97222318BCA00D0E4D4 /* Home_VC.swift */; };
		772ED98022319A3F00D0E4D4 /* Menu_VC.swift in Sources */ = {isa = PBXBuildFile; fileRef = 772ED97F22319A3F00D0E4D4 /* Menu_VC.swift */; };
		779A49732232EEE1002AEAA3 /* ForgotPwd_VC.swift in Sources */ = {isa = PBXBuildFile; fileRef = 779A49722232EEE1002AEAA3 /* ForgotPwd_VC.swift */; };
		77C9A3772232AF9E00C65C0C /* Login_VC.swift in Sources */ = {isa = PBXBuildFile; fileRef = 77C9A3762232AF9E00C65C0C /* Login_VC.swift */; };
		A53A92AC4ACE7154A2261680 /* Pods_FlightTests.framework in Frameworks */ = {isa = PBXBuildFile; fileRef = 7CD59B94F2C4CCB9E037E97E /* Pods_FlightTests.framework */; };
		D2E96148B55756122A540CDD /* Pods_FlightUITests.framework in Frameworks */ = {isa = PBXBuildFile; fileRef = E113508EF0E8D1F1E777F4C4 /* Pods_FlightUITests.framework */; };
		F135208FFA78927741EE47F0 /* Pods_Flight.framework in Frameworks */ = {isa = PBXBuildFile; fileRef = 59D58D2D0A988B1B3C6B9BA8 /* Pods_Flight.framework */; };
/* End PBXBuildFile section */

/* Begin PBXContainerItemProxy section */
		772ED9502231764C00D0E4D4 /* PBXContainerItemProxy */ = {
			isa = PBXContainerItemProxy;
			containerPortal = 772ED9302231764A00D0E4D4 /* Project object */;
			proxyType = 1;
			remoteGlobalIDString = 772ED9372231764A00D0E4D4;
			remoteInfo = Demo;
		};
		772ED95B2231764C00D0E4D4 /* PBXContainerItemProxy */ = {
			isa = PBXContainerItemProxy;
			containerPortal = 772ED9302231764A00D0E4D4 /* Project object */;
			proxyType = 1;
			remoteGlobalIDString = 772ED9372231764A00D0E4D4;
			remoteInfo = Demo;
		};
/* End PBXContainerItemProxy section */

/* Begin PBXFileReference section */
		15B5861D24B00A0CC7F126B2 /* Pods-Flight.release.xcconfig */ = {isa = PBXFileReference; includeInIndex = 1; lastKnownFileType = text.xcconfig; name = "Pods-Flight.release.xcconfig"; path = "Target Support Files/Pods-Flight/Pods-Flight.release.xcconfig"; sourceTree = "<group>"; };
		584EBA172233EF10004D91CB /* HotelSearchViewController.swift */ = {isa = PBXFileReference; lastKnownFileType = sourcecode.swift; path = HotelSearchViewController.swift; sourceTree = "<group>"; };
		584EBA192233FBF8004D91CB /* HotelSearchView.swift */ = {isa = PBXFileReference; lastKnownFileType = sourcecode.swift; path = HotelSearchView.swift; sourceTree = "<group>"; };
		589A0C692234337E00563937 /* CalanderViewController.swift */ = {isa = PBXFileReference; lastKnownFileType = sourcecode.swift; path = CalanderViewController.swift; sourceTree = "<group>"; };
		589A0C6B2234437400563937 /* HotelSearchModel.swift */ = {isa = PBXFileReference; lastKnownFileType = sourcecode.swift; path = HotelSearchModel.swift; sourceTree = "<group>"; };
		59D58D2D0A988B1B3C6B9BA8 /* Pods_Flight.framework */ = {isa = PBXFileReference; explicitFileType = wrapper.framework; includeInIndex = 0; path = Pods_Flight.framework; sourceTree = BUILT_PRODUCTS_DIR; };
		772ED9382231764A00D0E4D4 /* Flight.app */ = {isa = PBXFileReference; explicitFileType = wrapper.application; includeInIndex = 0; path = Flight.app; sourceTree = BUILT_PRODUCTS_DIR; };
		772ED93B2231764A00D0E4D4 /* AppDelegate.swift */ = {isa = PBXFileReference; lastKnownFileType = sourcecode.swift; path = AppDelegate.swift; sourceTree = "<group>"; };
		772ED93D2231764A00D0E4D4 /* ViewController.swift */ = {isa = PBXFileReference; lastKnownFileType = sourcecode.swift; path = ViewController.swift; sourceTree = "<group>"; };
		772ED9402231764A00D0E4D4 /* Base */ = {isa = PBXFileReference; lastKnownFileType = file.storyboard; name = Base; path = Base.lproj/Main.storyboard; sourceTree = "<group>"; };
		772ED9432231764A00D0E4D4 /* Demo.xcdatamodel */ = {isa = PBXFileReference; lastKnownFileType = wrapper.xcdatamodel; path = Demo.xcdatamodel; sourceTree = "<group>"; };
		772ED9452231764C00D0E4D4 /* Assets.xcassets */ = {isa = PBXFileReference; lastKnownFileType = folder.assetcatalog; path = Assets.xcassets; sourceTree = "<group>"; };
		772ED9482231764C00D0E4D4 /* Base */ = {isa = PBXFileReference; lastKnownFileType = file.storyboard; name = Base; path = Base.lproj/LaunchScreen.storyboard; sourceTree = "<group>"; };
		772ED94A2231764C00D0E4D4 /* Info.plist */ = {isa = PBXFileReference; lastKnownFileType = text.plist.xml; path = Info.plist; sourceTree = "<group>"; };
		772ED94F2231764C00D0E4D4 /* FlightTests.xctest */ = {isa = PBXFileReference; explicitFileType = wrapper.cfbundle; includeInIndex = 0; path = FlightTests.xctest; sourceTree = BUILT_PRODUCTS_DIR; };
		772ED9532231764C00D0E4D4 /* DemoTests.swift */ = {isa = PBXFileReference; lastKnownFileType = sourcecode.swift; path = DemoTests.swift; sourceTree = "<group>"; };
		772ED9552231764C00D0E4D4 /* Info.plist */ = {isa = PBXFileReference; lastKnownFileType = text.plist.xml; path = Info.plist; sourceTree = "<group>"; };
		772ED95A2231764C00D0E4D4 /* FlightUITests.xctest */ = {isa = PBXFileReference; explicitFileType = wrapper.cfbundle; includeInIndex = 0; path = FlightUITests.xctest; sourceTree = BUILT_PRODUCTS_DIR; };
		772ED95E2231764C00D0E4D4 /* DemoUITests.swift */ = {isa = PBXFileReference; lastKnownFileType = sourcecode.swift; path = DemoUITests.swift; sourceTree = "<group>"; };
		772ED9602231764C00D0E4D4 /* Info.plist */ = {isa = PBXFileReference; lastKnownFileType = text.plist.xml; path = Info.plist; sourceTree = "<group>"; };
		772ED97222318BCA00D0E4D4 /* Home_VC.swift */ = {isa = PBXFileReference; lastKnownFileType = sourcecode.swift; path = Home_VC.swift; sourceTree = "<group>"; };
		772ED97F22319A3F00D0E4D4 /* Menu_VC.swift */ = {isa = PBXFileReference; lastKnownFileType = sourcecode.swift; path = Menu_VC.swift; sourceTree = "<group>"; };
		779A49722232EEE1002AEAA3 /* ForgotPwd_VC.swift */ = {isa = PBXFileReference; lastKnownFileType = sourcecode.swift; path = ForgotPwd_VC.swift; sourceTree = "<group>"; };
		77C9A3762232AF9E00C65C0C /* Login_VC.swift */ = {isa = PBXFileReference; lastKnownFileType = sourcecode.swift; path = Login_VC.swift; sourceTree = "<group>"; };
		7CD59B94F2C4CCB9E037E97E /* Pods_FlightTests.framework */ = {isa = PBXFileReference; explicitFileType = wrapper.framework; includeInIndex = 0; path = Pods_FlightTests.framework; sourceTree = BUILT_PRODUCTS_DIR; };
		A5D029564B99B779F9CD344F /* Pods-FlightUITests.release.xcconfig */ = {isa = PBXFileReference; includeInIndex = 1; lastKnownFileType = text.xcconfig; name = "Pods-FlightUITests.release.xcconfig"; path = "Target Support Files/Pods-FlightUITests/Pods-FlightUITests.release.xcconfig"; sourceTree = "<group>"; };
		C58AA4A145F5AE1A70587C81 /* Pods-Flight.debug.xcconfig */ = {isa = PBXFileReference; includeInIndex = 1; lastKnownFileType = text.xcconfig; name = "Pods-Flight.debug.xcconfig"; path = "Target Support Files/Pods-Flight/Pods-Flight.debug.xcconfig"; sourceTree = "<group>"; };
		CACE9AB865596032D5BAD8B5 /* Pods-FlightTests.release.xcconfig */ = {isa = PBXFileReference; includeInIndex = 1; lastKnownFileType = text.xcconfig; name = "Pods-FlightTests.release.xcconfig"; path = "Target Support Files/Pods-FlightTests/Pods-FlightTests.release.xcconfig"; sourceTree = "<group>"; };
		E113508EF0E8D1F1E777F4C4 /* Pods_FlightUITests.framework */ = {isa = PBXFileReference; explicitFileType = wrapper.framework; includeInIndex = 0; path = Pods_FlightUITests.framework; sourceTree = BUILT_PRODUCTS_DIR; };
		EB999AAC437CBE1805D73CB6 /* Pods-FlightTests.debug.xcconfig */ = {isa = PBXFileReference; includeInIndex = 1; lastKnownFileType = text.xcconfig; name = "Pods-FlightTests.debug.xcconfig"; path = "Target Support Files/Pods-FlightTests/Pods-FlightTests.debug.xcconfig"; sourceTree = "<group>"; };
		FF8A2205ED8A25A2A6EF20C9 /* Pods-FlightUITests.debug.xcconfig */ = {isa = PBXFileReference; includeInIndex = 1; lastKnownFileType = text.xcconfig; name = "Pods-FlightUITests.debug.xcconfig"; path = "Target Support Files/Pods-FlightUITests/Pods-FlightUITests.debug.xcconfig"; sourceTree = "<group>"; };
/* End PBXFileReference section */

/* Begin PBXFrameworksBuildPhase section */
		772ED9352231764A00D0E4D4 /* Frameworks */ = {
			isa = PBXFrameworksBuildPhase;
			buildActionMask = 2147483647;
			files = (
				F135208FFA78927741EE47F0 /* Pods_Flight.framework in Frameworks */,
			);
			runOnlyForDeploymentPostprocessing = 0;
		};
		772ED94C2231764C00D0E4D4 /* Frameworks */ = {
			isa = PBXFrameworksBuildPhase;
			buildActionMask = 2147483647;
			files = (
				A53A92AC4ACE7154A2261680 /* Pods_FlightTests.framework in Frameworks */,
			);
			runOnlyForDeploymentPostprocessing = 0;
		};
		772ED9572231764C00D0E4D4 /* Frameworks */ = {
			isa = PBXFrameworksBuildPhase;
			buildActionMask = 2147483647;
			files = (
				D2E96148B55756122A540CDD /* Pods_FlightUITests.framework in Frameworks */,
			);
			runOnlyForDeploymentPostprocessing = 0;
		};
/* End PBXFrameworksBuildPhase section */

/* Begin PBXGroup section */
		5837FAE066714CA5E4E02E5C /* Pods */ = {
			isa = PBXGroup;
			children = (
				C58AA4A145F5AE1A70587C81 /* Pods-Flight.debug.xcconfig */,
				15B5861D24B00A0CC7F126B2 /* Pods-Flight.release.xcconfig */,
				EB999AAC437CBE1805D73CB6 /* Pods-FlightTests.debug.xcconfig */,
				CACE9AB865596032D5BAD8B5 /* Pods-FlightTests.release.xcconfig */,
				FF8A2205ED8A25A2A6EF20C9 /* Pods-FlightUITests.debug.xcconfig */,
				A5D029564B99B779F9CD344F /* Pods-FlightUITests.release.xcconfig */,
			);
			path = Pods;
			sourceTree = "<group>";
		};
		772ED92F2231764A00D0E4D4 = {
			isa = PBXGroup;
			children = (
				772ED93A2231764A00D0E4D4 /* Demo */,
				772ED9522231764C00D0E4D4 /* DemoTests */,
				772ED95D2231764C00D0E4D4 /* DemoUITests */,
				772ED9392231764A00D0E4D4 /* Products */,
				5837FAE066714CA5E4E02E5C /* Pods */,
				C2B64F69A0B4DC453048265D /* Frameworks */,
			);
			sourceTree = "<group>";
		};
		772ED9392231764A00D0E4D4 /* Products */ = {
			isa = PBXGroup;
			children = (
				772ED9382231764A00D0E4D4 /* Flight.app */,
				772ED94F2231764C00D0E4D4 /* FlightTests.xctest */,
				772ED95A2231764C00D0E4D4 /* FlightUITests.xctest */,
			);
			name = Products;
			sourceTree = "<group>";
		};
		772ED93A2231764A00D0E4D4 /* Demo */ = {
			isa = PBXGroup;
			children = (
				77C9A3752232AF8300C65C0C /* SignUp */,
				772ED97E22319A2700D0E4D4 /* Menu */,
				772ED96F22318B8600D0E4D4 /* Home */,
				772ED93B2231764A00D0E4D4 /* AppDelegate.swift */,
				772ED93D2231764A00D0E4D4 /* ViewController.swift */,
				772ED93F2231764A00D0E4D4 /* Main.storyboard */,
				589A0C692234337E00563937 /* CalanderViewController.swift */,
				589A0C6B2234437400563937 /* HotelSearchModel.swift */,
				584EBA172233EF10004D91CB /* HotelSearchViewController.swift */,
				584EBA192233FBF8004D91CB /* HotelSearchView.swift */,
				772ED9452231764C00D0E4D4 /* Assets.xcassets */,
				772ED9472231764C00D0E4D4 /* LaunchScreen.storyboard */,
				772ED94A2231764C00D0E4D4 /* Info.plist */,
				772ED9422231764A00D0E4D4 /* Demo.xcdatamodeld */,
			);
			path = Demo;
			sourceTree = "<group>";
		};
		772ED9522231764C00D0E4D4 /* DemoTests */ = {
			isa = PBXGroup;
			children = (
				772ED9532231764C00D0E4D4 /* DemoTests.swift */,
				772ED9552231764C00D0E4D4 /* Info.plist */,
			);
			path = DemoTests;
			sourceTree = "<group>";
		};
		772ED95D2231764C00D0E4D4 /* DemoUITests */ = {
			isa = PBXGroup;
			children = (
				772ED95E2231764C00D0E4D4 /* DemoUITests.swift */,
				772ED9602231764C00D0E4D4 /* Info.plist */,
			);
			path = DemoUITests;
			sourceTree = "<group>";
		};
		772ED96F22318B8600D0E4D4 /* Home */ = {
			isa = PBXGroup;
			children = (
				772ED97222318BCA00D0E4D4 /* Home_VC.swift */,
			);
			path = Home;
			sourceTree = "<group>";
		};
		772ED97E22319A2700D0E4D4 /* Menu */ = {
			isa = PBXGroup;
			children = (
				772ED97F22319A3F00D0E4D4 /* Menu_VC.swift */,
			);
			path = Menu;
			sourceTree = "<group>";
		};
		77C9A3752232AF8300C65C0C /* SignUp */ = {
			isa = PBXGroup;
			children = (
				77C9A3762232AF9E00C65C0C /* Login_VC.swift */,
				779A49722232EEE1002AEAA3 /* ForgotPwd_VC.swift */,
			);
			path = SignUp;
			sourceTree = "<group>";
		};
		C2B64F69A0B4DC453048265D /* Frameworks */ = {
			isa = PBXGroup;
			children = (
				59D58D2D0A988B1B3C6B9BA8 /* Pods_Flight.framework */,
				7CD59B94F2C4CCB9E037E97E /* Pods_FlightTests.framework */,
				E113508EF0E8D1F1E777F4C4 /* Pods_FlightUITests.framework */,
			);
			name = Frameworks;
			sourceTree = "<group>";
		};
/* End PBXGroup section */

/* Begin PBXNativeTarget section */
		772ED9372231764A00D0E4D4 /* Flight */ = {
			isa = PBXNativeTarget;
			buildConfigurationList = 772ED9632231764C00D0E4D4 /* Build configuration list for PBXNativeTarget "Flight" */;
			buildPhases = (
				BD9CD6EA24A718A2128A506B /* [CP] Check Pods Manifest.lock */,
				772ED9342231764A00D0E4D4 /* Sources */,
				772ED9352231764A00D0E4D4 /* Frameworks */,
				772ED9362231764A00D0E4D4 /* Resources */,
				C78A38FD92C3DA4A80BD345A /* [CP] Embed Pods Frameworks */,
			);
			buildRules = (
			);
			dependencies = (
			);
			name = Flight;
			productName = Demo;
			productReference = 772ED9382231764A00D0E4D4 /* Flight.app */;
			productType = "com.apple.product-type.application";
		};
		772ED94E2231764C00D0E4D4 /* FlightTests */ = {
			isa = PBXNativeTarget;
			buildConfigurationList = 772ED9662231764C00D0E4D4 /* Build configuration list for PBXNativeTarget "FlightTests" */;
			buildPhases = (
				664838E84F6C567D6A552402 /* [CP] Check Pods Manifest.lock */,
				772ED94B2231764C00D0E4D4 /* Sources */,
				772ED94C2231764C00D0E4D4 /* Frameworks */,
				772ED94D2231764C00D0E4D4 /* Resources */,
			);
			buildRules = (
			);
			dependencies = (
				772ED9512231764C00D0E4D4 /* PBXTargetDependency */,
			);
			name = FlightTests;
			productName = DemoTests;
			productReference = 772ED94F2231764C00D0E4D4 /* FlightTests.xctest */;
			productType = "com.apple.product-type.bundle.unit-test";
		};
		772ED9592231764C00D0E4D4 /* FlightUITests */ = {
			isa = PBXNativeTarget;
			buildConfigurationList = 772ED9692231764C00D0E4D4 /* Build configuration list for PBXNativeTarget "FlightUITests" */;
			buildPhases = (
				809205E200318B5329630386 /* [CP] Check Pods Manifest.lock */,
				772ED9562231764C00D0E4D4 /* Sources */,
				772ED9572231764C00D0E4D4 /* Frameworks */,
				772ED9582231764C00D0E4D4 /* Resources */,
			);
			buildRules = (
			);
			dependencies = (
				772ED95C2231764C00D0E4D4 /* PBXTargetDependency */,
			);
			name = FlightUITests;
			productName = DemoUITests;
			productReference = 772ED95A2231764C00D0E4D4 /* FlightUITests.xctest */;
			productType = "com.apple.product-type.bundle.ui-testing";
		};
/* End PBXNativeTarget section */

/* Begin PBXProject section */
		772ED9302231764A00D0E4D4 /* Project object */ = {
			isa = PBXProject;
			attributes = {
				LastSwiftUpdateCheck = 1010;
				LastUpgradeCheck = 1010;
				ORGANIZATIONNAME = Nitish;
				TargetAttributes = {
					772ED9372231764A00D0E4D4 = {
						CreatedOnToolsVersion = 10.1;
					};
					772ED94E2231764C00D0E4D4 = {
						CreatedOnToolsVersion = 10.1;
						TestTargetID = 772ED9372231764A00D0E4D4;
					};
					772ED9592231764C00D0E4D4 = {
						CreatedOnToolsVersion = 10.1;
						TestTargetID = 772ED9372231764A00D0E4D4;
					};
				};
			};
			buildConfigurationList = 772ED9332231764A00D0E4D4 /* Build configuration list for PBXProject "Flight" */;
			compatibilityVersion = "Xcode 9.3";
			developmentRegion = en;
			hasScannedForEncodings = 0;
			knownRegions = (
				en,
				Base,
			);
			mainGroup = 772ED92F2231764A00D0E4D4;
			productRefGroup = 772ED9392231764A00D0E4D4 /* Products */;
			projectDirPath = "";
			projectRoot = "";
			targets = (
				772ED9372231764A00D0E4D4 /* Flight */,
				772ED94E2231764C00D0E4D4 /* FlightTests */,
				772ED9592231764C00D0E4D4 /* FlightUITests */,
			);
		};
/* End PBXProject section */

/* Begin PBXResourcesBuildPhase section */
		772ED9362231764A00D0E4D4 /* Resources */ = {
			isa = PBXResourcesBuildPhase;
			buildActionMask = 2147483647;
			files = (
				772ED9492231764C00D0E4D4 /* LaunchScreen.storyboard in Resources */,
				772ED9462231764C00D0E4D4 /* Assets.xcassets in Resources */,
				772ED9412231764A00D0E4D4 /* Main.storyboard in Resources */,
			);
			runOnlyForDeploymentPostprocessing = 0;
		};
		772ED94D2231764C00D0E4D4 /* Resources */ = {
			isa = PBXResourcesBuildPhase;
			buildActionMask = 2147483647;
			files = (
			);
			runOnlyForDeploymentPostprocessing = 0;
		};
		772ED9582231764C00D0E4D4 /* Resources */ = {
			isa = PBXResourcesBuildPhase;
			buildActionMask = 2147483647;
			files = (
			);
			runOnlyForDeploymentPostprocessing = 0;
		};
/* End PBXResourcesBuildPhase section */

/* Begin PBXShellScriptBuildPhase section */
		664838E84F6C567D6A552402 /* [CP] Check Pods Manifest.lock */ = {
			isa = PBXShellScriptBuildPhase;
			buildActionMask = 2147483647;
			files = (
			);
			inputFileListPaths = (
			);
			inputPaths = (
				"${PODS_PODFILE_DIR_PATH}/Podfile.lock",
				"${PODS_ROOT}/Manifest.lock",
			);
			name = "[CP] Check Pods Manifest.lock";
			outputFileListPaths = (
			);
			outputPaths = (
				"$(DERIVED_FILE_DIR)/Pods-FlightTests-checkManifestLockResult.txt",
			);
			runOnlyForDeploymentPostprocessing = 0;
			shellPath = /bin/sh;
			shellScript = "diff \"${PODS_PODFILE_DIR_PATH}/Podfile.lock\" \"${PODS_ROOT}/Manifest.lock\" > /dev/null\nif [ $? != 0 ] ; then\n    # print error to STDERR\n    echo \"error: The sandbox is not in sync with the Podfile.lock. Run 'pod install' or update your CocoaPods installation.\" >&2\n    exit 1\nfi\n# This output is used by Xcode 'outputs' to avoid re-running this script phase.\necho \"SUCCESS\" > \"${SCRIPT_OUTPUT_FILE_0}\"\n";
			showEnvVarsInLog = 0;
		};
		809205E200318B5329630386 /* [CP] Check Pods Manifest.lock */ = {
			isa = PBXShellScriptBuildPhase;
			buildActionMask = 2147483647;
			files = (
			);
			inputFileListPaths = (
			);
			inputPaths = (
				"${PODS_PODFILE_DIR_PATH}/Podfile.lock",
				"${PODS_ROOT}/Manifest.lock",
			);
			name = "[CP] Check Pods Manifest.lock";
			outputFileListPaths = (
			);
			outputPaths = (
				"$(DERIVED_FILE_DIR)/Pods-FlightUITests-checkManifestLockResult.txt",
			);
			runOnlyForDeploymentPostprocessing = 0;
			shellPath = /bin/sh;
			shellScript = "diff \"${PODS_PODFILE_DIR_PATH}/Podfile.lock\" \"${PODS_ROOT}/Manifest.lock\" > /dev/null\nif [ $? != 0 ] ; then\n    # print error to STDERR\n    echo \"error: The sandbox is not in sync with the Podfile.lock. Run 'pod install' or update your CocoaPods installation.\" >&2\n    exit 1\nfi\n# This output is used by Xcode 'outputs' to avoid re-running this script phase.\necho \"SUCCESS\" > \"${SCRIPT_OUTPUT_FILE_0}\"\n";
			showEnvVarsInLog = 0;
		};
		BD9CD6EA24A718A2128A506B /* [CP] Check Pods Manifest.lock */ = {
			isa = PBXShellScriptBuildPhase;
			buildActionMask = 2147483647;
			files = (
			);
			inputFileListPaths = (
			);
			inputPaths = (
				"${PODS_PODFILE_DIR_PATH}/Podfile.lock",
				"${PODS_ROOT}/Manifest.lock",
			);
			name = "[CP] Check Pods Manifest.lock";
			outputFileListPaths = (
			);
			outputPaths = (
				"$(DERIVED_FILE_DIR)/Pods-Flight-checkManifestLockResult.txt",
			);
			runOnlyForDeploymentPostprocessing = 0;
			shellPath = /bin/sh;
			shellScript = "diff \"${PODS_PODFILE_DIR_PATH}/Podfile.lock\" \"${PODS_ROOT}/Manifest.lock\" > /dev/null\nif [ $? != 0 ] ; then\n    # print error to STDERR\n    echo \"error: The sandbox is not in sync with the Podfile.lock. Run 'pod install' or update your CocoaPods installation.\" >&2\n    exit 1\nfi\n# This output is used by Xcode 'outputs' to avoid re-running this script phase.\necho \"SUCCESS\" > \"${SCRIPT_OUTPUT_FILE_0}\"\n";
			showEnvVarsInLog = 0;
		};
		C78A38FD92C3DA4A80BD345A /* [CP] Embed Pods Frameworks */ = {
			isa = PBXShellScriptBuildPhase;
			buildActionMask = 2147483647;
			files = (
			);
			inputFileListPaths = (
			);
			inputPaths = (
				"${PODS_ROOT}/Target Support Files/Pods-Flight/Pods-Flight-frameworks.sh",
				"${BUILT_PRODUCTS_DIR}/IQKeyboardManagerSwift/IQKeyboardManagerSwift.framework",
				"${BUILT_PRODUCTS_DIR}/Koyomi/Koyomi.framework",
			);
			name = "[CP] Embed Pods Frameworks";
			outputFileListPaths = (
			);
			outputPaths = (
				"${TARGET_BUILD_DIR}/${FRAMEWORKS_FOLDER_PATH}/IQKeyboardManagerSwift.framework",
				"${TARGET_BUILD_DIR}/${FRAMEWORKS_FOLDER_PATH}/Koyomi.framework",
			);
			runOnlyForDeploymentPostprocessing = 0;
			shellPath = /bin/sh;
			shellScript = "\"${PODS_ROOT}/Target Support Files/Pods-Flight/Pods-Flight-frameworks.sh\"\n";
			showEnvVarsInLog = 0;
		};
/* End PBXShellScriptBuildPhase section */

/* Begin PBXSourcesBuildPhase section */
		772ED9342231764A00D0E4D4 /* Sources */ = {
			isa = PBXSourcesBuildPhase;
			buildActionMask = 2147483647;
			files = (
				589A0C6C2234437400563937 /* HotelSearchModel.swift in Sources */,
				589A0C6A2234337E00563937 /* CalanderViewController.swift in Sources */,
				772ED97322318BCA00D0E4D4 /* Home_VC.swift in Sources */,
				772ED9442231764A00D0E4D4 /* Demo.xcdatamodeld in Sources */,
				77C9A3772232AF9E00C65C0C /* Login_VC.swift in Sources */,
				584EBA182233EF10004D91CB /* HotelSearchViewController.swift in Sources */,
				772ED98022319A3F00D0E4D4 /* Menu_VC.swift in Sources */,
				584EBA1A2233FBF8004D91CB /* HotelSearchView.swift in Sources */,
				779A49732232EEE1002AEAA3 /* ForgotPwd_VC.swift in Sources */,
				772ED93E2231764A00D0E4D4 /* ViewController.swift in Sources */,
				772ED93C2231764A00D0E4D4 /* AppDelegate.swift in Sources */,
			);
			runOnlyForDeploymentPostprocessing = 0;
		};
		772ED94B2231764C00D0E4D4 /* Sources */ = {
			isa = PBXSourcesBuildPhase;
			buildActionMask = 2147483647;
			files = (
				772ED9542231764C00D0E4D4 /* DemoTests.swift in Sources */,
			);
			runOnlyForDeploymentPostprocessing = 0;
		};
		772ED9562231764C00D0E4D4 /* Sources */ = {
			isa = PBXSourcesBuildPhase;
			buildActionMask = 2147483647;
			files = (
				772ED95F2231764C00D0E4D4 /* DemoUITests.swift in Sources */,
			);
			runOnlyForDeploymentPostprocessing = 0;
		};
/* End PBXSourcesBuildPhase section */

/* Begin PBXTargetDependency section */
		772ED9512231764C00D0E4D4 /* PBXTargetDependency */ = {
			isa = PBXTargetDependency;
			target = 772ED9372231764A00D0E4D4 /* Flight */;
			targetProxy = 772ED9502231764C00D0E4D4 /* PBXContainerItemProxy */;
		};
		772ED95C2231764C00D0E4D4 /* PBXTargetDependency */ = {
			isa = PBXTargetDependency;
			target = 772ED9372231764A00D0E4D4 /* Flight */;
			targetProxy = 772ED95B2231764C00D0E4D4 /* PBXContainerItemProxy */;
		};
/* End PBXTargetDependency section */

/* Begin PBXVariantGroup section */
		772ED93F2231764A00D0E4D4 /* Main.storyboard */ = {
			isa = PBXVariantGroup;
			children = (
				772ED9402231764A00D0E4D4 /* Base */,
			);
			name = Main.storyboard;
			sourceTree = "<group>";
		};
		772ED9472231764C00D0E4D4 /* LaunchScreen.storyboard */ = {
			isa = PBXVariantGroup;
			children = (
				772ED9482231764C00D0E4D4 /* Base */,
			);
			name = LaunchScreen.storyboard;
			sourceTree = "<group>";
		};
/* End PBXVariantGroup section */

/* Begin XCBuildConfiguration section */
		772ED9612231764C00D0E4D4 /* Debug */ = {
			isa = XCBuildConfiguration;
			buildSettings = {
				ALWAYS_SEARCH_USER_PATHS = NO;
				CLANG_ANALYZER_NONNULL = YES;
				CLANG_ANALYZER_NUMBER_OBJECT_CONVERSION = YES_AGGRESSIVE;
				CLANG_CXX_LANGUAGE_STANDARD = "gnu++14";
				CLANG_CXX_LIBRARY = "libc++";
				CLANG_ENABLE_MODULES = YES;
				CLANG_ENABLE_OBJC_ARC = YES;
				CLANG_ENABLE_OBJC_WEAK = YES;
				CLANG_WARN_BLOCK_CAPTURE_AUTORELEASING = YES;
				CLANG_WARN_BOOL_CONVERSION = YES;
				CLANG_WARN_COMMA = YES;
				CLANG_WARN_CONSTANT_CONVERSION = YES;
				CLANG_WARN_DEPRECATED_OBJC_IMPLEMENTATIONS = YES;
				CLANG_WARN_DIRECT_OBJC_ISA_USAGE = YES_ERROR;
				CLANG_WARN_DOCUMENTATION_COMMENTS = YES;
				CLANG_WARN_EMPTY_BODY = YES;
				CLANG_WARN_ENUM_CONVERSION = YES;
				CLANG_WARN_INFINITE_RECURSION = YES;
				CLANG_WARN_INT_CONVERSION = YES;
				CLANG_WARN_NON_LITERAL_NULL_CONVERSION = YES;
				CLANG_WARN_OBJC_IMPLICIT_RETAIN_SELF = YES;
				CLANG_WARN_OBJC_LITERAL_CONVERSION = YES;
				CLANG_WARN_OBJC_ROOT_CLASS = YES_ERROR;
				CLANG_WARN_RANGE_LOOP_ANALYSIS = YES;
				CLANG_WARN_STRICT_PROTOTYPES = YES;
				CLANG_WARN_SUSPICIOUS_MOVE = YES;
				CLANG_WARN_UNGUARDED_AVAILABILITY = YES_AGGRESSIVE;
				CLANG_WARN_UNREACHABLE_CODE = YES;
				CLANG_WARN__DUPLICATE_METHOD_MATCH = YES;
				CODE_SIGN_IDENTITY = "iPhone Developer";
				COPY_PHASE_STRIP = NO;
				DEBUG_INFORMATION_FORMAT = dwarf;
				ENABLE_STRICT_OBJC_MSGSEND = YES;
				ENABLE_TESTABILITY = YES;
				GCC_C_LANGUAGE_STANDARD = gnu11;
				GCC_DYNAMIC_NO_PIC = NO;
				GCC_NO_COMMON_BLOCKS = YES;
				GCC_OPTIMIZATION_LEVEL = 0;
				GCC_PREPROCESSOR_DEFINITIONS = (
					"DEBUG=1",
					"$(inherited)",
				);
				GCC_WARN_64_TO_32_BIT_CONVERSION = YES;
				GCC_WARN_ABOUT_RETURN_TYPE = YES_ERROR;
				GCC_WARN_UNDECLARED_SELECTOR = YES;
				GCC_WARN_UNINITIALIZED_AUTOS = YES_AGGRESSIVE;
				GCC_WARN_UNUSED_FUNCTION = YES;
				GCC_WARN_UNUSED_VARIABLE = YES;
				IPHONEOS_DEPLOYMENT_TARGET = 12.1;
				MTL_ENABLE_DEBUG_INFO = INCLUDE_SOURCE;
				MTL_FAST_MATH = YES;
				ONLY_ACTIVE_ARCH = YES;
				SDKROOT = iphoneos;
				SWIFT_ACTIVE_COMPILATION_CONDITIONS = DEBUG;
				SWIFT_OPTIMIZATION_LEVEL = "-Onone";
			};
			name = Debug;
		};
		772ED9622231764C00D0E4D4 /* Release */ = {
			isa = XCBuildConfiguration;
			buildSettings = {
				ALWAYS_SEARCH_USER_PATHS = NO;
				CLANG_ANALYZER_NONNULL = YES;
				CLANG_ANALYZER_NUMBER_OBJECT_CONVERSION = YES_AGGRESSIVE;
				CLANG_CXX_LANGUAGE_STANDARD = "gnu++14";
				CLANG_CXX_LIBRARY = "libc++";
				CLANG_ENABLE_MODULES = YES;
				CLANG_ENABLE_OBJC_ARC = YES;
				CLANG_ENABLE_OBJC_WEAK = YES;
				CLANG_WARN_BLOCK_CAPTURE_AUTORELEASING = YES;
				CLANG_WARN_BOOL_CONVERSION = YES;
				CLANG_WARN_COMMA = YES;
				CLANG_WARN_CONSTANT_CONVERSION = YES;
				CLANG_WARN_DEPRECATED_OBJC_IMPLEMENTATIONS = YES;
				CLANG_WARN_DIRECT_OBJC_ISA_USAGE = YES_ERROR;
				CLANG_WARN_DOCUMENTATION_COMMENTS = YES;
				CLANG_WARN_EMPTY_BODY = YES;
				CLANG_WARN_ENUM_CONVERSION = YES;
				CLANG_WARN_INFINITE_RECURSION = YES;
				CLANG_WARN_INT_CONVERSION = YES;
				CLANG_WARN_NON_LITERAL_NULL_CONVERSION = YES;
				CLANG_WARN_OBJC_IMPLICIT_RETAIN_SELF = YES;
				CLANG_WARN_OBJC_LITERAL_CONVERSION = YES;
				CLANG_WARN_OBJC_ROOT_CLASS = YES_ERROR;
				CLANG_WARN_RANGE_LOOP_ANALYSIS = YES;
				CLANG_WARN_STRICT_PROTOTYPES = YES;
				CLANG_WARN_SUSPICIOUS_MOVE = YES;
				CLANG_WARN_UNGUARDED_AVAILABILITY = YES_AGGRESSIVE;
				CLANG_WARN_UNREACHABLE_CODE = YES;
				CLANG_WARN__DUPLICATE_METHOD_MATCH = YES;
				CODE_SIGN_IDENTITY = "iPhone Developer";
				COPY_PHASE_STRIP = NO;
				DEBUG_INFORMATION_FORMAT = "dwarf-with-dsym";
				ENABLE_NS_ASSERTIONS = NO;
				ENABLE_STRICT_OBJC_MSGSEND = YES;
				GCC_C_LANGUAGE_STANDARD = gnu11;
				GCC_NO_COMMON_BLOCKS = YES;
				GCC_WARN_64_TO_32_BIT_CONVERSION = YES;
				GCC_WARN_ABOUT_RETURN_TYPE = YES_ERROR;
				GCC_WARN_UNDECLARED_SELECTOR = YES;
				GCC_WARN_UNINITIALIZED_AUTOS = YES_AGGRESSIVE;
				GCC_WARN_UNUSED_FUNCTION = YES;
				GCC_WARN_UNUSED_VARIABLE = YES;
				IPHONEOS_DEPLOYMENT_TARGET = 12.1;
				MTL_ENABLE_DEBUG_INFO = NO;
				MTL_FAST_MATH = YES;
				SDKROOT = iphoneos;
				SWIFT_COMPILATION_MODE = wholemodule;
				SWIFT_OPTIMIZATION_LEVEL = "-O";
				VALIDATE_PRODUCT = YES;
			};
			name = Release;
		};
		772ED9642231764C00D0E4D4 /* Debug */ = {
			isa = XCBuildConfiguration;
			baseConfigurationReference = C58AA4A145F5AE1A70587C81 /* Pods-Flight.debug.xcconfig */;
			buildSettings = {
				ASSETCATALOG_COMPILER_APPICON_NAME = AppIcon;
				CODE_SIGN_STYLE = Automatic;
				INFOPLIST_FILE = Demo/Info.plist;
				LD_RUNPATH_SEARCH_PATHS = (
					"$(inherited)",
					"@executable_path/Frameworks",
				);
				PRODUCT_BUNDLE_IDENTIFIER = com.nitish.app.Demo;
				PRODUCT_NAME = "$(TARGET_NAME)";
				SWIFT_VERSION = 4.2;
				TARGETED_DEVICE_FAMILY = 1;
			};
			name = Debug;
		};
		772ED9652231764C00D0E4D4 /* Release */ = {
			isa = XCBuildConfiguration;
			baseConfigurationReference = 15B5861D24B00A0CC7F126B2 /* Pods-Flight.release.xcconfig */;
			buildSettings = {
				ASSETCATALOG_COMPILER_APPICON_NAME = AppIcon;
				CODE_SIGN_STYLE = Automatic;
				INFOPLIST_FILE = Demo/Info.plist;
				LD_RUNPATH_SEARCH_PATHS = (
					"$(inherited)",
					"@executable_path/Frameworks",
				);
				PRODUCT_BUNDLE_IDENTIFIER = com.nitish.app.Demo;
				PRODUCT_NAME = "$(TARGET_NAME)";
				SWIFT_VERSION = 4.2;
				TARGETED_DEVICE_FAMILY = 1;
			};
			name = Release;
		};
		772ED9672231764C00D0E4D4 /* Debug */ = {
			isa = XCBuildConfiguration;
			baseConfigurationReference = EB999AAC437CBE1805D73CB6 /* Pods-FlightTests.debug.xcconfig */;
			buildSettings = {
				ALWAYS_EMBED_SWIFT_STANDARD_LIBRARIES = YES;
				BUNDLE_LOADER = "$(TEST_HOST)";
				CODE_SIGN_STYLE = Automatic;
				INFOPLIST_FILE = DemoTests/Info.plist;
				LD_RUNPATH_SEARCH_PATHS = (
					"$(inherited)",
					"@executable_path/Frameworks",
					"@loader_path/Frameworks",
				);
				PRODUCT_BUNDLE_IDENTIFIER = com.nitish.app.DemoTests;
				PRODUCT_NAME = "$(TARGET_NAME)";
				SWIFT_VERSION = 4.2;
				TARGETED_DEVICE_FAMILY = "1,2";
				TEST_HOST = "$(BUILT_PRODUCTS_DIR)/Flight.app/Flight";
			};
			name = Debug;
		};
		772ED9682231764C00D0E4D4 /* Release */ = {
			isa = XCBuildConfiguration;
			baseConfigurationReference = CACE9AB865596032D5BAD8B5 /* Pods-FlightTests.release.xcconfig */;
			buildSettings = {
				ALWAYS_EMBED_SWIFT_STANDARD_LIBRARIES = YES;
				BUNDLE_LOADER = "$(TEST_HOST)";
				CODE_SIGN_STYLE = Automatic;
				INFOPLIST_FILE = DemoTests/Info.plist;
				LD_RUNPATH_SEARCH_PATHS = (
					"$(inherited)",
					"@executable_path/Frameworks",
					"@loader_path/Frameworks",
				);
				PRODUCT_BUNDLE_IDENTIFIER = com.nitish.app.DemoTests;
				PRODUCT_NAME = "$(TARGET_NAME)";
				SWIFT_VERSION = 4.2;
				TARGETED_DEVICE_FAMILY = "1,2";
				TEST_HOST = "$(BUILT_PRODUCTS_DIR)/Flight.app/Flight";
			};
			name = Release;
		};
		772ED96A2231764C00D0E4D4 /* Debug */ = {
			isa = XCBuildConfiguration;
			baseConfigurationReference = FF8A2205ED8A25A2A6EF20C9 /* Pods-FlightUITests.debug.xcconfig */;
			buildSettings = {
				ALWAYS_EMBED_SWIFT_STANDARD_LIBRARIES = YES;
				CODE_SIGN_STYLE = Automatic;
				INFOPLIST_FILE = DemoUITests/Info.plist;
				LD_RUNPATH_SEARCH_PATHS = (
					"$(inherited)",
					"@executable_path/Frameworks",
					"@loader_path/Frameworks",
				);
				PRODUCT_BUNDLE_IDENTIFIER = com.nitish.app.DemoUITests;
				PRODUCT_NAME = "$(TARGET_NAME)";
				SWIFT_VERSION = 4.2;
				TARGETED_DEVICE_FAMILY = "1,2";
				TEST_TARGET_NAME = Demo;
			};
			name = Debug;
		};
		772ED96B2231764C00D0E4D4 /* Release */ = {
			isa = XCBuildConfiguration;
			baseConfigurationReference = A5D029564B99B779F9CD344F /* Pods-FlightUITests.release.xcconfig */;
			buildSettings = {
				ALWAYS_EMBED_SWIFT_STANDARD_LIBRARIES = YES;
				CODE_SIGN_STYLE = Automatic;
				INFOPLIST_FILE = DemoUITests/Info.plist;
				LD_RUNPATH_SEARCH_PATHS = (
					"$(inherited)",
					"@executable_path/Frameworks",
					"@loader_path/Frameworks",
				);
				PRODUCT_BUNDLE_IDENTIFIER = com.nitish.app.DemoUITests;
				PRODUCT_NAME = "$(TARGET_NAME)";
				SWIFT_VERSION = 4.2;
				TARGETED_DEVICE_FAMILY = "1,2";
				TEST_TARGET_NAME = Demo;
			};
			name = Release;
		};
/* End XCBuildConfiguration section */

/* Begin XCConfigurationList section */
		772ED9332231764A00D0E4D4 /* Build configuration list for PBXProject "Flight" */ = {
			isa = XCConfigurationList;
			buildConfigurations = (
				772ED9612231764C00D0E4D4 /* Debug */,
				772ED9622231764C00D0E4D4 /* Release */,
			);
			defaultConfigurationIsVisible = 0;
			defaultConfigurationName = Release;
		};
		772ED9632231764C00D0E4D4 /* Build configuration list for PBXNativeTarget "Flight" */ = {
			isa = XCConfigurationList;
			buildConfigurations = (
				772ED9642231764C00D0E4D4 /* Debug */,
				772ED9652231764C00D0E4D4 /* Release */,
			);
			defaultConfigurationIsVisible = 0;
			defaultConfigurationName = Release;
		};
		772ED9662231764C00D0E4D4 /* Build configuration list for PBXNativeTarget "FlightTests" */ = {
			isa = XCConfigurationList;
			buildConfigurations = (
				772ED9672231764C00D0E4D4 /* Debug */,
				772ED9682231764C00D0E4D4 /* Release */,
			);
			defaultConfigurationIsVisible = 0;
			defaultConfigurationName = Release;
		};
		772ED9692231764C00D0E4D4 /* Build configuration list for PBXNativeTarget "FlightUITests" */ = {
			isa = XCConfigurationList;
			buildConfigurations = (
				772ED96A2231764C00D0E4D4 /* Debug */,
				772ED96B2231764C00D0E4D4 /* Release */,
			);
			defaultConfigurationIsVisible = 0;
			defaultConfigurationName = Release;
		};
/* End XCConfigurationList section */

/* Begin XCVersionGroup section */
		772ED9422231764A00D0E4D4 /* Demo.xcdatamodeld */ = {
			isa = XCVersionGroup;
			children = (
				772ED9432231764A00D0E4D4 /* Demo.xcdatamodel */,
			);
			currentVersion = 772ED9432231764A00D0E4D4 /* Demo.xcdatamodel */;
			path = Demo.xcdatamodeld;
			sourceTree = "<group>";
			versionGroupType = wrapper.xcdatamodel;
		};
/* End XCVersionGroup section */
	};
	rootObject = 772ED9302231764A00D0E4D4 /* Project object */;
}
